
Microsoft Visual Studio Solution File, Format Version 12.00
# Visual Studio Version 16
VisualStudioVersion = 16.0.29920.165
MinimumVisualStudioVersion = 10.0.40219.1
Project("{9A19103F-16F7-4668-BE54-9A1E7A4F7556}") = "Danalyzer", "DanalyzerControllerPrototype\Danalyzer.csproj", "{421D1A6D-0525-40AB-B5F2-A6F9CC3BD22D}"
EndProject
Project("{FAE04EC0-301F-11D3-BF4B-00C04F79EFBC}") = "DanalyzerApp", "DanalyzerApp\DanalyzerApp.csproj", "{AC8E97BD-6BC3-4525-9EE3-CF14F795223D}"
EndProject
Global
	GlobalSection(SolutionConfigurationPlatforms) = preSolution
		Debug|Any CPU = Debug|Any CPU
		Release|Any CPU = Release|Any CPU
	EndGlobalSection
	GlobalSection(ProjectConfigurationPlatforms) = postSolution
		{421D1A6D-0525-40AB-B5F2-A6F9CC3BD22D}.Debug|Any CPU.ActiveCfg = Debug|Any CPU
		{421D1A6D-0525-40AB-B5F2-A6F9CC3BD22D}.Debug|Any CPU.Build.0 = Debug|Any CPU
		{421D1A6D-0525-40AB-B5F2-A6F9CC3BD22D}.Release|Any CPU.ActiveCfg = Release|Any CPU
		{421D1A6D-0525-40AB-B5F2-A6F9CC3BD22D}.Release|Any CPU.Build.0 = Release|Any CPU
		{AC8E97BD-6BC3-4525-9EE3-CF14F795223D}.Debug|Any CPU.ActiveCfg = Debug|Any CPU
		{AC8E97BD-6BC3-4525-9EE3-CF14F795223D}.Debug|Any CPU.Build.0 = Debug|Any CPU
		{AC8E97BD-6BC3-4525-9EE3-CF14F795223D}.Release|Any CPU.ActiveCfg = Release|Any CPU
		{AC8E97BD-6BC3-4525-9EE3-CF14F795223D}.Release|Any CPU.Build.0 = Release|Any CPU
	EndGlobalSection
	GlobalSection(SolutionProperties) = preSolution
		HideSolutionNode = FALSE
	EndGlobalSection
	GlobalSection(ExtensibilityGlobals) = postSolution
		SolutionGuid = {5570829C-7067-4C75-A287-2AA6C9EE3D6D}
	EndGlobalSection
EndGlobal
